
Microsoft Visual Studio Solution File, Format Version 12.00
# Visual Studio 2015
Project("{FAE04EC0-301F-11D3-BF4B-00C04F79EFBC}") = "AssistiveDevicePrototype.CSharp", "AssistiveDevicePrototype.CSharp.csproj", "{48F570F9-6C14-47C4-FC02-6BFCA9E1C082}"
EndProject
Global
	GlobalSection(SolutionConfigurationPlatforms) = preSolution
		Debug|Any CPU = Debug|Any CPU
		Release|Any CPU = Release|Any CPU
	EndGlobalSection
	GlobalSection(ProjectConfigurationPlatforms) = postSolution
		{48F570F9-6C14-47C4-FC02-6BFCA9E1C082}.Debug|Any CPU.ActiveCfg = Debug|Any CPU
		{48F570F9-6C14-47C4-FC02-6BFCA9E1C082}.Debug|Any CPU.Build.0 = Debug|Any CPU
		{48F570F9-6C14-47C4-FC02-6BFCA9E1C082}.Release|Any CPU.ActiveCfg = Release|Any CPU
		{48F570F9-6C14-47C4-FC02-6BFCA9E1C082}.Release|Any CPU.Build.0 = Release|Any CPU
	EndGlobalSection
	GlobalSection(SolutionProperties) = preSolution
		HideSolutionNode = FALSE
	EndGlobalSection
EndGlobal
