
Microsoft Visual Studio Solution File, Format Version 12.00
# Visual Studio 2015
Project("{FAE04EC0-301F-11D3-BF4B-00C04F79EFBC}") = "Cardboard Demo.CSharp", "Cardboard Demo.CSharp.csproj", "{E9EB0E07-7F4C-0A1F-0B84-BD0A65A7BD27}"
EndProject
Project("{FAE04EC0-301F-11D3-BF4B-00C04F79EFBC}") = "Cardboard Demo.CSharp.Editor", "Cardboard Demo.CSharp.Editor.csproj", "{F61F3A22-CC4E-F75A-0DD2-79908918121B}"
EndProject
Global
	GlobalSection(SolutionConfigurationPlatforms) = preSolution
		Debug|Any CPU = Debug|Any CPU
		Release|Any CPU = Release|Any CPU
	EndGlobalSection
	GlobalSection(ProjectConfigurationPlatforms) = postSolution
		{E9EB0E07-7F4C-0A1F-0B84-BD0A65A7BD27}.Debug|Any CPU.ActiveCfg = Debug|Any CPU
		{E9EB0E07-7F4C-0A1F-0B84-BD0A65A7BD27}.Debug|Any CPU.Build.0 = Debug|Any CPU
		{E9EB0E07-7F4C-0A1F-0B84-BD0A65A7BD27}.Release|Any CPU.ActiveCfg = Release|Any CPU
		{E9EB0E07-7F4C-0A1F-0B84-BD0A65A7BD27}.Release|Any CPU.Build.0 = Release|Any CPU
		{F61F3A22-CC4E-F75A-0DD2-79908918121B}.Debug|Any CPU.ActiveCfg = Debug|Any CPU
		{F61F3A22-CC4E-F75A-0DD2-79908918121B}.Debug|Any CPU.Build.0 = Debug|Any CPU
		{F61F3A22-CC4E-F75A-0DD2-79908918121B}.Release|Any CPU.ActiveCfg = Release|Any CPU
		{F61F3A22-CC4E-F75A-0DD2-79908918121B}.Release|Any CPU.Build.0 = Release|Any CPU
	EndGlobalSection
	GlobalSection(SolutionProperties) = preSolution
		HideSolutionNode = FALSE
	EndGlobalSection
EndGlobal
